
Microsoft Visual Studio Solution File, Format Version 12.00
# Visual Studio Version 17
VisualStudioVersion = 17.6.33829.357
MinimumVisualStudioVersion = 10.0.40219.1
Project("{8BC9CEB8-8B4A-11D0-8D11-00A0C91BC942}") = "数据存储", "数据存储\数据存储.vcxproj", "{F007C836-0E01-4204-A807-322476B97DA7}"
EndProject
Global
	GlobalSection(SolutionConfigurationPlatforms) = preSolution
		Debug|x64 = Debug|x64
		Debug|x86 = Debug|x86
		Release|x64 = Release|x64
		Release|x86 = Release|x86
	EndGlobalSection
	GlobalSection(ProjectConfigurationPlatforms) = postSolution
		{F007C836-0E01-4204-A807-322476B97DA7}.Debug|x64.ActiveCfg = Debug|x64
		{F007C836-0E01-4204-A807-322476B97DA7}.Debug|x64.Build.0 = Debug|x64
		{F007C836-0E01-4204-A807-322476B97DA7}.Debug|x86.ActiveCfg = Debug|Win32
		{F007C836-0E01-4204-A807-322476B97DA7}.Debug|x86.Build.0 = Debug|Win32
		{F007C836-0E01-4204-A807-322476B97DA7}.Release|x64.ActiveCfg = Release|x64
		{F007C836-0E01-4204-A807-322476B97DA7}.Release|x64.Build.0 = Release|x64
		{F007C836-0E01-4204-A807-322476B97DA7}.Release|x86.ActiveCfg = Release|Win32
		{F007C836-0E01-4204-A807-322476B97DA7}.Release|x86.Build.0 = Release|Win32
	EndGlobalSection
	GlobalSection(SolutionProperties) = preSolution
		HideSolutionNode = FALSE
	EndGlobalSection
	GlobalSection(ExtensibilityGlobals) = postSolution
		SolutionGuid = {E5EC9C95-A513-4960-846B-536B77B9EF01}
	EndGlobalSection
EndGlobal
